
Microsoft Visual Studio Solution File, Format Version 12.00
# Visual Studio Version 16
VisualStudioVersion = 16.0.31729.503
MinimumVisualStudioVersion = 10.0.40219.1
Project("{FAE04EC0-301F-11D3-BF4B-00C04F79EFBC}") = "PERF-SORU 1", "PERF-SORU1\PERF-SORU 1.csproj", "{EE574751-FBB4-490B-979B-2327CC617126}"
EndProject
Project("{FAE04EC0-301F-11D3-BF4B-00C04F79EFBC}") = "PERF-SORU 2", "PERF-SORU2\PERF-SORU 2.csproj", "{CE6563B6-2618-4A2A-8025-03BE6CCD23CA}"
EndProject
Project("{FAE04EC0-301F-11D3-BF4B-00C04F79EFBC}") = "PERF-SORU 3", "PERF-SORU 3\PERF-SORU 3.csproj", "{57EC75FD-4BF1-4B29-BDAB-9861E1F21096}"
EndProject
Project("{FAE04EC0-301F-11D3-BF4B-00C04F79EFBC}") = "PERF-SORU 4", "PERF-SORU 4\PERF-SORU 4.csproj", "{6CB11E9A-F7E9-412D-8A6B-C53B5DBDEC40}"
EndProject
Project("{FAE04EC0-301F-11D3-BF4B-00C04F79EFBC}") = "PERF-SORU 6", "PERF-SORU 6\PERF-SORU 6.csproj", "{FE3F909C-28C0-4C0F-99F0-5A9AFE48831C}"
EndProject
Project("{FAE04EC0-301F-11D3-BF4B-00C04F79EFBC}") = "PERF-SORU 7", "PERF-SORU 7\PERF-SORU 7.csproj", "{4B524DC7-DB49-41C5-BD34-937A007578A6}"
EndProject
Project("{FAE04EC0-301F-11D3-BF4B-00C04F79EFBC}") = "PERFOR-SORU 5", "PERFOR-SORU 5\PERFOR-SORU 5.csproj", "{A6F7E94E-DCE2-4D12-81F8-4E840E058047}"
EndProject
Global
	GlobalSection(SolutionConfigurationPlatforms) = preSolution
		Debug|Any CPU = Debug|Any CPU
		Release|Any CPU = Release|Any CPU
	EndGlobalSection
	GlobalSection(ProjectConfigurationPlatforms) = postSolution
		{EE574751-FBB4-490B-979B-2327CC617126}.Debug|Any CPU.ActiveCfg = Debug|Any CPU
		{EE574751-FBB4-490B-979B-2327CC617126}.Debug|Any CPU.Build.0 = Debug|Any CPU
		{EE574751-FBB4-490B-979B-2327CC617126}.Release|Any CPU.ActiveCfg = Release|Any CPU
		{EE574751-FBB4-490B-979B-2327CC617126}.Release|Any CPU.Build.0 = Release|Any CPU
		{CE6563B6-2618-4A2A-8025-03BE6CCD23CA}.Debug|Any CPU.ActiveCfg = Debug|Any CPU
		{CE6563B6-2618-4A2A-8025-03BE6CCD23CA}.Debug|Any CPU.Build.0 = Debug|Any CPU
		{CE6563B6-2618-4A2A-8025-03BE6CCD23CA}.Release|Any CPU.ActiveCfg = Release|Any CPU
		{CE6563B6-2618-4A2A-8025-03BE6CCD23CA}.Release|Any CPU.Build.0 = Release|Any CPU
		{57EC75FD-4BF1-4B29-BDAB-9861E1F21096}.Debug|Any CPU.ActiveCfg = Debug|Any CPU
		{57EC75FD-4BF1-4B29-BDAB-9861E1F21096}.Debug|Any CPU.Build.0 = Debug|Any CPU
		{57EC75FD-4BF1-4B29-BDAB-9861E1F21096}.Release|Any CPU.ActiveCfg = Release|Any CPU
		{57EC75FD-4BF1-4B29-BDAB-9861E1F21096}.Release|Any CPU.Build.0 = Release|Any CPU
		{6CB11E9A-F7E9-412D-8A6B-C53B5DBDEC40}.Debug|Any CPU.ActiveCfg = Debug|Any CPU
		{6CB11E9A-F7E9-412D-8A6B-C53B5DBDEC40}.Debug|Any CPU.Build.0 = Debug|Any CPU
		{6CB11E9A-F7E9-412D-8A6B-C53B5DBDEC40}.Release|Any CPU.ActiveCfg = Release|Any CPU
		{6CB11E9A-F7E9-412D-8A6B-C53B5DBDEC40}.Release|Any CPU.Build.0 = Release|Any CPU
		{FE3F909C-28C0-4C0F-99F0-5A9AFE48831C}.Debug|Any CPU.ActiveCfg = Debug|Any CPU
		{FE3F909C-28C0-4C0F-99F0-5A9AFE48831C}.Debug|Any CPU.Build.0 = Debug|Any CPU
		{FE3F909C-28C0-4C0F-99F0-5A9AFE48831C}.Release|Any CPU.ActiveCfg = Release|Any CPU
		{FE3F909C-28C0-4C0F-99F0-5A9AFE48831C}.Release|Any CPU.Build.0 = Release|Any CPU
		{4B524DC7-DB49-41C5-BD34-937A007578A6}.Debug|Any CPU.ActiveCfg = Debug|Any CPU
		{4B524DC7-DB49-41C5-BD34-937A007578A6}.Debug|Any CPU.Build.0 = Debug|Any CPU
		{4B524DC7-DB49-41C5-BD34-937A007578A6}.Release|Any CPU.ActiveCfg = Release|Any CPU
		{4B524DC7-DB49-41C5-BD34-937A007578A6}.Release|Any CPU.Build.0 = Release|Any CPU
		{A6F7E94E-DCE2-4D12-81F8-4E840E058047}.Debug|Any CPU.ActiveCfg = Debug|Any CPU
		{A6F7E94E-DCE2-4D12-81F8-4E840E058047}.Debug|Any CPU.Build.0 = Debug|Any CPU
		{A6F7E94E-DCE2-4D12-81F8-4E840E058047}.Release|Any CPU.ActiveCfg = Release|Any CPU
		{A6F7E94E-DCE2-4D12-81F8-4E840E058047}.Release|Any CPU.Build.0 = Release|Any CPU
	EndGlobalSection
	GlobalSection(SolutionProperties) = preSolution
		HideSolutionNode = FALSE
	EndGlobalSection
	GlobalSection(ExtensibilityGlobals) = postSolution
		SolutionGuid = {187AE84F-C464-4C48-9121-654BE132E595}
	EndGlobalSection
EndGlobal
